// !$*UTF8*$!
{
	archiveVersion = 1;
	classes = {
	};
	objectVersion = 55;
	objects = {

/* Begin PBXBuildFile section */
		0B5EDD81A65CCCA79A5A76E2 /* Pods_RxMemo.framework in Frameworks */ = {isa = PBXBuildFile; fileRef = F41079E1824163BD3235AD99 /* Pods_RxMemo.framework */; };
		7C51A8D227608265005410EF /* MemoListViewController.swift in Sources */ = {isa = PBXBuildFile; fileRef = 7C51A8D127608265005410EF /* MemoListViewController.swift */; };
		7C51A8D427608290005410EF /* MemoDetailViewController.swift in Sources */ = {isa = PBXBuildFile; fileRef = 7C51A8D327608290005410EF /* MemoDetailViewController.swift */; };
		7C51A8D6276082B4005410EF /* MemoComposeViewController.swift in Sources */ = {isa = PBXBuildFile; fileRef = 7C51A8D5276082B4005410EF /* MemoComposeViewController.swift */; };
		7C51A8D8276082F1005410EF /* MemoListViewModel.swift in Sources */ = {isa = PBXBuildFile; fileRef = 7C51A8D7276082F1005410EF /* MemoListViewModel.swift */; };
		7C51A8DA27608448005410EF /* MemoDetailViewModel.swift in Sources */ = {isa = PBXBuildFile; fileRef = 7C51A8D927608448005410EF /* MemoDetailViewModel.swift */; };
		7C51A8DC27608464005410EF /* MemoComposeViewModel.swift in Sources */ = {isa = PBXBuildFile; fileRef = 7C51A8DB27608464005410EF /* MemoComposeViewModel.swift */; };
		7C51A8DE27608496005410EF /* ViewModelBindableType.swift in Sources */ = {isa = PBXBuildFile; fileRef = 7C51A8DD27608496005410EF /* ViewModelBindableType.swift */; };
		7C51A8E02760869E005410EF /* TransitionModel.swift in Sources */ = {isa = PBXBuildFile; fileRef = 7C51A8DF2760869E005410EF /* TransitionModel.swift */; };
		7C51A8E2276086F6005410EF /* Scene.swift in Sources */ = {isa = PBXBuildFile; fileRef = 7C51A8E1276086F6005410EF /* Scene.swift */; };
		7C51A8E4276088E9005410EF /* SceneCoordinatorType.swift in Sources */ = {isa = PBXBuildFile; fileRef = 7C51A8E3276088E9005410EF /* SceneCoordinatorType.swift */; };
		7C51A8E627608B09005410EF /* SceneCoordinator.swift in Sources */ = {isa = PBXBuildFile; fileRef = 7C51A8E527608B09005410EF /* SceneCoordinator.swift */; };
		7C51A8E827609048005410EF /* CommonViewModel.swift in Sources */ = {isa = PBXBuildFile; fileRef = 7C51A8E727609048005410EF /* CommonViewModel.swift */; };
		7CEAC9A0275FA1B4005AF338 /* AppDelegate.swift in Sources */ = {isa = PBXBuildFile; fileRef = 7CEAC99F275FA1B4005AF338 /* AppDelegate.swift */; };
		7CEAC9A2275FA1B4005AF338 /* SceneDelegate.swift in Sources */ = {isa = PBXBuildFile; fileRef = 7CEAC9A1275FA1B4005AF338 /* SceneDelegate.swift */; };
		7CEAC9A7275FA1B4005AF338 /* Main.storyboard in Resources */ = {isa = PBXBuildFile; fileRef = 7CEAC9A5275FA1B4005AF338 /* Main.storyboard */; };
		7CEAC9AA275FA1B4005AF338 /* RxMemo.xcdatamodeld in Sources */ = {isa = PBXBuildFile; fileRef = 7CEAC9A8275FA1B4005AF338 /* RxMemo.xcdatamodeld */; };
		7CEAC9AC275FA1B5005AF338 /* Assets.xcassets in Resources */ = {isa = PBXBuildFile; fileRef = 7CEAC9AB275FA1B5005AF338 /* Assets.xcassets */; };
		7CEAC9AF275FA1B5005AF338 /* LaunchScreen.storyboard in Resources */ = {isa = PBXBuildFile; fileRef = 7CEAC9AD275FA1B5005AF338 /* LaunchScreen.storyboard */; };
		7CEAC9BC275FBDBE005AF338 /* Memo.swift in Sources */ = {isa = PBXBuildFile; fileRef = 7CEAC9BB275FBDBE005AF338 /* Memo.swift */; };
		7CEAC9BE275FBF04005AF338 /* MemoStorageType.swift in Sources */ = {isa = PBXBuildFile; fileRef = 7CEAC9BD275FBF04005AF338 /* MemoStorageType.swift */; };
		7CEAC9C2275FC001005AF338 /* MemoryStorage.swift in Sources */ = {isa = PBXBuildFile; fileRef = 7CEAC9C1275FC001005AF338 /* MemoryStorage.swift */; };
/* End PBXBuildFile section */

/* Begin PBXFileReference section */
		1DA2CAF51AC05722A09B38A9 /* Pods-RxMemo.debug.xcconfig */ = {isa = PBXFileReference; includeInIndex = 1; lastKnownFileType = text.xcconfig; name = "Pods-RxMemo.debug.xcconfig"; path = "Target Support Files/Pods-RxMemo/Pods-RxMemo.debug.xcconfig"; sourceTree = "<group>"; };
		7C51A8D127608265005410EF /* MemoListViewController.swift */ = {isa = PBXFileReference; lastKnownFileType = sourcecode.swift; path = MemoListViewController.swift; sourceTree = "<group>"; };
		7C51A8D327608290005410EF /* MemoDetailViewController.swift */ = {isa = PBXFileReference; lastKnownFileType = sourcecode.swift; path = MemoDetailViewController.swift; sourceTree = "<group>"; };
		7C51A8D5276082B4005410EF /* MemoComposeViewController.swift */ = {isa = PBXFileReference; lastKnownFileType = sourcecode.swift; path = MemoComposeViewController.swift; sourceTree = "<group>"; };
		7C51A8D7276082F1005410EF /* MemoListViewModel.swift */ = {isa = PBXFileReference; lastKnownFileType = sourcecode.swift; path = MemoListViewModel.swift; sourceTree = "<group>"; };
		7C51A8D927608448005410EF /* MemoDetailViewModel.swift */ = {isa = PBXFileReference; lastKnownFileType = sourcecode.swift; path = MemoDetailViewModel.swift; sourceTree = "<group>"; };
		7C51A8DB27608464005410EF /* MemoComposeViewModel.swift */ = {isa = PBXFileReference; lastKnownFileType = sourcecode.swift; path = MemoComposeViewModel.swift; sourceTree = "<group>"; };
		7C51A8DD27608496005410EF /* ViewModelBindableType.swift */ = {isa = PBXFileReference; lastKnownFileType = sourcecode.swift; path = ViewModelBindableType.swift; sourceTree = "<group>"; };
		7C51A8DF2760869E005410EF /* TransitionModel.swift */ = {isa = PBXFileReference; lastKnownFileType = sourcecode.swift; path = TransitionModel.swift; sourceTree = "<group>"; };
		7C51A8E1276086F6005410EF /* Scene.swift */ = {isa = PBXFileReference; lastKnownFileType = sourcecode.swift; path = Scene.swift; sourceTree = "<group>"; };
		7C51A8E3276088E9005410EF /* SceneCoordinatorType.swift */ = {isa = PBXFileReference; lastKnownFileType = sourcecode.swift; path = SceneCoordinatorType.swift; sourceTree = "<group>"; };
		7C51A8E527608B09005410EF /* SceneCoordinator.swift */ = {isa = PBXFileReference; lastKnownFileType = sourcecode.swift; path = SceneCoordinator.swift; sourceTree = "<group>"; };
		7C51A8E727609048005410EF /* CommonViewModel.swift */ = {isa = PBXFileReference; lastKnownFileType = sourcecode.swift; path = CommonViewModel.swift; sourceTree = "<group>"; };
		7CEAC99C275FA1B4005AF338 /* RxMemo.app */ = {isa = PBXFileReference; explicitFileType = wrapper.application; includeInIndex = 0; path = RxMemo.app; sourceTree = BUILT_PRODUCTS_DIR; };
		7CEAC99F275FA1B4005AF338 /* AppDelegate.swift */ = {isa = PBXFileReference; lastKnownFileType = sourcecode.swift; path = AppDelegate.swift; sourceTree = "<group>"; };
		7CEAC9A1275FA1B4005AF338 /* SceneDelegate.swift */ = {isa = PBXFileReference; lastKnownFileType = sourcecode.swift; path = SceneDelegate.swift; sourceTree = "<group>"; };
		7CEAC9A6275FA1B4005AF338 /* Base */ = {isa = PBXFileReference; lastKnownFileType = file.storyboard; name = Base; path = Base.lproj/Main.storyboard; sourceTree = "<group>"; };
		7CEAC9A9275FA1B4005AF338 /* RxMemo.xcdatamodel */ = {isa = PBXFileReference; lastKnownFileType = wrapper.xcdatamodel; path = RxMemo.xcdatamodel; sourceTree = "<group>"; };
		7CEAC9AB275FA1B5005AF338 /* Assets.xcassets */ = {isa = PBXFileReference; lastKnownFileType = folder.assetcatalog; path = Assets.xcassets; sourceTree = "<group>"; };
		7CEAC9AE275FA1B5005AF338 /* Base */ = {isa = PBXFileReference; lastKnownFileType = file.storyboard; name = Base; path = Base.lproj/LaunchScreen.storyboard; sourceTree = "<group>"; };
		7CEAC9B0275FA1B5005AF338 /* Info.plist */ = {isa = PBXFileReference; lastKnownFileType = text.plist.xml; path = Info.plist; sourceTree = "<group>"; };
		7CEAC9BB275FBDBE005AF338 /* Memo.swift */ = {isa = PBXFileReference; lastKnownFileType = sourcecode.swift; path = Memo.swift; sourceTree = "<group>"; };
		7CEAC9BD275FBF04005AF338 /* MemoStorageType.swift */ = {isa = PBXFileReference; lastKnownFileType = sourcecode.swift; path = MemoStorageType.swift; sourceTree = "<group>"; };
		7CEAC9C1275FC001005AF338 /* MemoryStorage.swift */ = {isa = PBXFileReference; lastKnownFileType = sourcecode.swift; path = MemoryStorage.swift; sourceTree = "<group>"; };
		F41079E1824163BD3235AD99 /* Pods_RxMemo.framework */ = {isa = PBXFileReference; explicitFileType = wrapper.framework; includeInIndex = 0; path = Pods_RxMemo.framework; sourceTree = BUILT_PRODUCTS_DIR; };
		FC6A71FD2EA2580264076615 /* Pods-RxMemo.release.xcconfig */ = {isa = PBXFileReference; includeInIndex = 1; lastKnownFileType = text.xcconfig; name = "Pods-RxMemo.release.xcconfig"; path = "Target Support Files/Pods-RxMemo/Pods-RxMemo.release.xcconfig"; sourceTree = "<group>"; };
/* End PBXFileReference section */

/* Begin PBXFrameworksBuildPhase section */
		7CEAC999275FA1B4005AF338 /* Frameworks */ = {
			isa = PBXFrameworksBuildPhase;
			buildActionMask = 2147483647;
			files = (
				0B5EDD81A65CCCA79A5A76E2 /* Pods_RxMemo.framework in Frameworks */,
			);
			runOnlyForDeploymentPostprocessing = 0;
		};
/* End PBXFrameworksBuildPhase section */

/* Begin PBXGroup section */
		55F17D7D75A69F0B2165D707 /* Pods */ = {
			isa = PBXGroup;
			children = (
				1DA2CAF51AC05722A09B38A9 /* Pods-RxMemo.debug.xcconfig */,
				FC6A71FD2EA2580264076615 /* Pods-RxMemo.release.xcconfig */,
			);
			path = Pods;
			sourceTree = "<group>";
		};
		7CEAC993275FA1B4005AF338 = {
			isa = PBXGroup;
			children = (
				7CEAC99E275FA1B4005AF338 /* RxMemo */,
				7CEAC99D275FA1B4005AF338 /* Products */,
				55F17D7D75A69F0B2165D707 /* Pods */,
				871EA950B60612E07A10FEC6 /* Frameworks */,
			);
			sourceTree = "<group>";
		};
		7CEAC99D275FA1B4005AF338 /* Products */ = {
			isa = PBXGroup;
			children = (
				7CEAC99C275FA1B4005AF338 /* RxMemo.app */,
			);
			name = Products;
			sourceTree = "<group>";
		};
		7CEAC99E275FA1B4005AF338 /* RxMemo */ = {
			isa = PBXGroup;
			children = (
				7CEAC9BA275FA52F005AF338 /* Scene */,
				7CEAC9B9275FA520005AF338 /* Service */,
				7CEAC9B8275FA504005AF338 /* ViewModel */,
				7CEAC9B7275FA4F4005AF338 /* ViewController */,
				7CEAC9B6275FA4DB005AF338 /* Model */,
				7CEAC99F275FA1B4005AF338 /* AppDelegate.swift */,
				7CEAC9A1275FA1B4005AF338 /* SceneDelegate.swift */,
				7CEAC9AB275FA1B5005AF338 /* Assets.xcassets */,
				7CEAC9B0275FA1B5005AF338 /* Info.plist */,
			);
			path = RxMemo;
			sourceTree = "<group>";
		};
		7CEAC9B6275FA4DB005AF338 /* Model */ = {
			isa = PBXGroup;
			children = (
				7CEAC9BB275FBDBE005AF338 /* Memo.swift */,
			);
			path = Model;
			sourceTree = "<group>";
		};
		7CEAC9B7275FA4F4005AF338 /* ViewController */ = {
			isa = PBXGroup;
			children = (
				7CEAC9A5275FA1B4005AF338 /* Main.storyboard */,
				7CEAC9AD275FA1B5005AF338 /* LaunchScreen.storyboard */,
				7C51A8D5276082B4005410EF /* MemoComposeViewController.swift */,
				7C51A8D127608265005410EF /* MemoListViewController.swift */,
				7C51A8D327608290005410EF /* MemoDetailViewController.swift */,
				7C51A8DD27608496005410EF /* ViewModelBindableType.swift */,
			);
			path = ViewController;
			sourceTree = "<group>";
		};
		7CEAC9B8275FA504005AF338 /* ViewModel */ = {
			isa = PBXGroup;
			children = (
				7C51A8D7276082F1005410EF /* MemoListViewModel.swift */,
				7C51A8DB27608464005410EF /* MemoComposeViewModel.swift */,
				7C51A8D927608448005410EF /* MemoDetailViewModel.swift */,
				7C51A8E727609048005410EF /* CommonViewModel.swift */,
			);
			path = ViewModel;
			sourceTree = "<group>";
		};
		7CEAC9B9275FA520005AF338 /* Service */ = {
			isa = PBXGroup;
			children = (
				7CEAC9BD275FBF04005AF338 /* MemoStorageType.swift */,
				7CEAC9C0275FBFDE005AF338 /* CoreDataStorage */,
				7CEAC9BF275FBFD0005AF338 /* MemoStorage */,
			);
			path = Service;
			sourceTree = "<group>";
		};
		7CEAC9BA275FA52F005AF338 /* Scene */ = {
			isa = PBXGroup;
			children = (
				7C51A8DF2760869E005410EF /* TransitionModel.swift */,
				7C51A8E1276086F6005410EF /* Scene.swift */,
				7C51A8E3276088E9005410EF /* SceneCoordinatorType.swift */,
				7C51A8E527608B09005410EF /* SceneCoordinator.swift */,
			);
			path = Scene;
			sourceTree = "<group>";
		};
		7CEAC9BF275FBFD0005AF338 /* MemoStorage */ = {
			isa = PBXGroup;
			children = (
				7CEAC9C1275FC001005AF338 /* MemoryStorage.swift */,
			);
			path = MemoStorage;
			sourceTree = "<group>";
		};
		7CEAC9C0275FBFDE005AF338 /* CoreDataStorage */ = {
			isa = PBXGroup;
			children = (
				7CEAC9A8275FA1B4005AF338 /* RxMemo.xcdatamodeld */,
			);
			path = CoreDataStorage;
			sourceTree = "<group>";
		};
		871EA950B60612E07A10FEC6 /* Frameworks */ = {
			isa = PBXGroup;
			children = (
				F41079E1824163BD3235AD99 /* Pods_RxMemo.framework */,
			);
			name = Frameworks;
			sourceTree = "<group>";
		};
/* End PBXGroup section */

/* Begin PBXNativeTarget section */
		7CEAC99B275FA1B4005AF338 /* RxMemo */ = {
			isa = PBXNativeTarget;
			buildConfigurationList = 7CEAC9B3275FA1B5005AF338 /* Build configuration list for PBXNativeTarget "RxMemo" */;
			buildPhases = (
				12623168C00FA4486FDEA313 /* [CP] Check Pods Manifest.lock */,
				7CEAC998275FA1B4005AF338 /* Sources */,
				7CEAC999275FA1B4005AF338 /* Frameworks */,
				7CEAC99A275FA1B4005AF338 /* Resources */,
				F13824A8C7538A2ACDF41FE3 /* [CP] Embed Pods Frameworks */,
			);
			buildRules = (
			);
			dependencies = (
			);
			name = RxMemo;
			productName = RxMemo;
			productReference = 7CEAC99C275FA1B4005AF338 /* RxMemo.app */;
			productType = "com.apple.product-type.application";
		};
/* End PBXNativeTarget section */

/* Begin PBXProject section */
		7CEAC994275FA1B4005AF338 /* Project object */ = {
			isa = PBXProject;
			attributes = {
				BuildIndependentTargetsInParallel = 1;
				LastSwiftUpdateCheck = 1310;
				LastUpgradeCheck = 1310;
				TargetAttributes = {
					7CEAC99B275FA1B4005AF338 = {
						CreatedOnToolsVersion = 13.1;
					};
				};
			};
			buildConfigurationList = 7CEAC997275FA1B4005AF338 /* Build configuration list for PBXProject "RxMemo" */;
			compatibilityVersion = "Xcode 13.0";
			developmentRegion = en;
			hasScannedForEncodings = 0;
			knownRegions = (
				en,
				Base,
			);
			mainGroup = 7CEAC993275FA1B4005AF338;
			productRefGroup = 7CEAC99D275FA1B4005AF338 /* Products */;
			projectDirPath = "";
			projectRoot = "";
			targets = (
				7CEAC99B275FA1B4005AF338 /* RxMemo */,
			);
		};
/* End PBXProject section */

/* Begin PBXResourcesBuildPhase section */
		7CEAC99A275FA1B4005AF338 /* Resources */ = {
			isa = PBXResourcesBuildPhase;
			buildActionMask = 2147483647;
			files = (
				7CEAC9AF275FA1B5005AF338 /* LaunchScreen.storyboard in Resources */,
				7CEAC9AC275FA1B5005AF338 /* Assets.xcassets in Resources */,
				7CEAC9A7275FA1B4005AF338 /* Main.storyboard in Resources */,
			);
			runOnlyForDeploymentPostprocessing = 0;
		};
/* End PBXResourcesBuildPhase section */

/* Begin PBXShellScriptBuildPhase section */
		12623168C00FA4486FDEA313 /* [CP] Check Pods Manifest.lock */ = {
			isa = PBXShellScriptBuildPhase;
			buildActionMask = 2147483647;
			files = (
			);
			inputFileListPaths = (
			);
			inputPaths = (
				"${PODS_PODFILE_DIR_PATH}/Podfile.lock",
				"${PODS_ROOT}/Manifest.lock",
			);
			name = "[CP] Check Pods Manifest.lock";
			outputFileListPaths = (
			);
			outputPaths = (
				"$(DERIVED_FILE_DIR)/Pods-RxMemo-checkManifestLockResult.txt",
			);
			runOnlyForDeploymentPostprocessing = 0;
			shellPath = /bin/sh;
			shellScript = "diff \"${PODS_PODFILE_DIR_PATH}/Podfile.lock\" \"${PODS_ROOT}/Manifest.lock\" > /dev/null\nif [ $? != 0 ] ; then\n    # print error to STDERR\n    echo \"error: The sandbox is not in sync with the Podfile.lock. Run 'pod install' or update your CocoaPods installation.\" >&2\n    exit 1\nfi\n# This output is used by Xcode 'outputs' to avoid re-running this script phase.\necho \"SUCCESS\" > \"${SCRIPT_OUTPUT_FILE_0}\"\n";
			showEnvVarsInLog = 0;
		};
		F13824A8C7538A2ACDF41FE3 /* [CP] Embed Pods Frameworks */ = {
			isa = PBXShellScriptBuildPhase;
			buildActionMask = 2147483647;
			files = (
			);
			inputFileListPaths = (
				"${PODS_ROOT}/Target Support Files/Pods-RxMemo/Pods-RxMemo-frameworks-${CONFIGURATION}-input-files.xcfilelist",
			);
			name = "[CP] Embed Pods Frameworks";
			outputFileListPaths = (
				"${PODS_ROOT}/Target Support Files/Pods-RxMemo/Pods-RxMemo-frameworks-${CONFIGURATION}-output-files.xcfilelist",
			);
			runOnlyForDeploymentPostprocessing = 0;
			shellPath = /bin/sh;
			shellScript = "\"${PODS_ROOT}/Target Support Files/Pods-RxMemo/Pods-RxMemo-frameworks.sh\"\n";
			showEnvVarsInLog = 0;
		};
/* End PBXShellScriptBuildPhase section */

/* Begin PBXSourcesBuildPhase section */
		7CEAC998275FA1B4005AF338 /* Sources */ = {
			isa = PBXSourcesBuildPhase;
			buildActionMask = 2147483647;
			files = (
				7CEAC9C2275FC001005AF338 /* MemoryStorage.swift in Sources */,
				7C51A8DC27608464005410EF /* MemoComposeViewModel.swift in Sources */,
				7C51A8E627608B09005410EF /* SceneCoordinator.swift in Sources */,
				7C51A8E2276086F6005410EF /* Scene.swift in Sources */,
				7C51A8D427608290005410EF /* MemoDetailViewController.swift in Sources */,
				7C51A8DE27608496005410EF /* ViewModelBindableType.swift in Sources */,
				7CEAC9A0275FA1B4005AF338 /* AppDelegate.swift in Sources */,
				7CEAC9BE275FBF04005AF338 /* MemoStorageType.swift in Sources */,
				7CEAC9A2275FA1B4005AF338 /* SceneDelegate.swift in Sources */,
				7CEAC9AA275FA1B4005AF338 /* RxMemo.xcdatamodeld in Sources */,
				7C51A8E4276088E9005410EF /* SceneCoordinatorType.swift in Sources */,
				7C51A8D8276082F1005410EF /* MemoListViewModel.swift in Sources */,
				7C51A8DA27608448005410EF /* MemoDetailViewModel.swift in Sources */,
				7C51A8E827609048005410EF /* CommonViewModel.swift in Sources */,
				7C51A8E02760869E005410EF /* TransitionModel.swift in Sources */,
				7C51A8D227608265005410EF /* MemoListViewController.swift in Sources */,
				7C51A8D6276082B4005410EF /* MemoComposeViewController.swift in Sources */,
				7CEAC9BC275FBDBE005AF338 /* Memo.swift in Sources */,
			);
			runOnlyForDeploymentPostprocessing = 0;
		};
/* End PBXSourcesBuildPhase section */

/* Begin PBXVariantGroup section */
		7CEAC9A5275FA1B4005AF338 /* Main.storyboard */ = {
			isa = PBXVariantGroup;
			children = (
				7CEAC9A6275FA1B4005AF338 /* Base */,
			);
			name = Main.storyboard;
			sourceTree = "<group>";
		};
		7CEAC9AD275FA1B5005AF338 /* LaunchScreen.storyboard */ = {
			isa = PBXVariantGroup;
			children = (
				7CEAC9AE275FA1B5005AF338 /* Base */,
			);
			name = LaunchScreen.storyboard;
			sourceTree = "<group>";
		};
/* End PBXVariantGroup section */

/* Begin XCBuildConfiguration section */
		7CEAC9B1275FA1B5005AF338 /* Debug */ = {
			isa = XCBuildConfiguration;
			buildSettings = {
				ALWAYS_SEARCH_USER_PATHS = NO;
				CLANG_ANALYZER_NONNULL = YES;
				CLANG_ANALYZER_NUMBER_OBJECT_CONVERSION = YES_AGGRESSIVE;
				CLANG_CXX_LANGUAGE_STANDARD = "gnu++17";
				CLANG_CXX_LIBRARY = "libc++";
				CLANG_ENABLE_MODULES = YES;
				CLANG_ENABLE_OBJC_ARC = YES;
				CLANG_ENABLE_OBJC_WEAK = YES;
				CLANG_WARN_BLOCK_CAPTURE_AUTORELEASING = YES;
				CLANG_WARN_BOOL_CONVERSION = YES;
				CLANG_WARN_COMMA = YES;
				CLANG_WARN_CONSTANT_CONVERSION = YES;
				CLANG_WARN_DEPRECATED_OBJC_IMPLEMENTATIONS = YES;
				CLANG_WARN_DIRECT_OBJC_ISA_USAGE = YES_ERROR;
				CLANG_WARN_DOCUMENTATION_COMMENTS = YES;
				CLANG_WARN_EMPTY_BODY = YES;
				CLANG_WARN_ENUM_CONVERSION = YES;
				CLANG_WARN_INFINITE_RECURSION = YES;
				CLANG_WARN_INT_CONVERSION = YES;
				CLANG_WARN_NON_LITERAL_NULL_CONVERSION = YES;
				CLANG_WARN_OBJC_IMPLICIT_RETAIN_SELF = YES;
				CLANG_WARN_OBJC_LITERAL_CONVERSION = YES;
				CLANG_WARN_OBJC_ROOT_CLASS = YES_ERROR;
				CLANG_WARN_QUOTED_INCLUDE_IN_FRAMEWORK_HEADER = YES;
				CLANG_WARN_RANGE_LOOP_ANALYSIS = YES;
				CLANG_WARN_STRICT_PROTOTYPES = YES;
				CLANG_WARN_SUSPICIOUS_MOVE = YES;
				CLANG_WARN_UNGUARDED_AVAILABILITY = YES_AGGRESSIVE;
				CLANG_WARN_UNREACHABLE_CODE = YES;
				CLANG_WARN__DUPLICATE_METHOD_MATCH = YES;
				COPY_PHASE_STRIP = NO;
				DEBUG_INFORMATION_FORMAT = dwarf;
				ENABLE_STRICT_OBJC_MSGSEND = YES;
				ENABLE_TESTABILITY = YES;
				GCC_C_LANGUAGE_STANDARD = gnu11;
				GCC_DYNAMIC_NO_PIC = NO;
				GCC_NO_COMMON_BLOCKS = YES;
				GCC_OPTIMIZATION_LEVEL = 0;
				GCC_PREPROCESSOR_DEFINITIONS = (
					"DEBUG=1",
					"$(inherited)",
				);
				GCC_WARN_64_TO_32_BIT_CONVERSION = YES;
				GCC_WARN_ABOUT_RETURN_TYPE = YES_ERROR;
				GCC_WARN_UNDECLARED_SELECTOR = YES;
				GCC_WARN_UNINITIALIZED_AUTOS = YES_AGGRESSIVE;
				GCC_WARN_UNUSED_FUNCTION = YES;
				GCC_WARN_UNUSED_VARIABLE = YES;
				IPHONEOS_DEPLOYMENT_TARGET = 15.0;
				MTL_ENABLE_DEBUG_INFO = INCLUDE_SOURCE;
				MTL_FAST_MATH = YES;
				ONLY_ACTIVE_ARCH = YES;
				SDKROOT = iphoneos;
				SWIFT_ACTIVE_COMPILATION_CONDITIONS = DEBUG;
				SWIFT_OPTIMIZATION_LEVEL = "-Onone";
			};
			name = Debug;
		};
		7CEAC9B2275FA1B5005AF338 /* Release */ = {
			isa = XCBuildConfiguration;
			buildSettings = {
				ALWAYS_SEARCH_USER_PATHS = NO;
				CLANG_ANALYZER_NONNULL = YES;
				CLANG_ANALYZER_NUMBER_OBJECT_CONVERSION = YES_AGGRESSIVE;
				CLANG_CXX_LANGUAGE_STANDARD = "gnu++17";
				CLANG_CXX_LIBRARY = "libc++";
				CLANG_ENABLE_MODULES = YES;
				CLANG_ENABLE_OBJC_ARC = YES;
				CLANG_ENABLE_OBJC_WEAK = YES;
				CLANG_WARN_BLOCK_CAPTURE_AUTORELEASING = YES;
				CLANG_WARN_BOOL_CONVERSION = YES;
				CLANG_WARN_COMMA = YES;
				CLANG_WARN_CONSTANT_CONVERSION = YES;
				CLANG_WARN_DEPRECATED_OBJC_IMPLEMENTATIONS = YES;
				CLANG_WARN_DIRECT_OBJC_ISA_USAGE = YES_ERROR;
				CLANG_WARN_DOCUMENTATION_COMMENTS = YES;
				CLANG_WARN_EMPTY_BODY = YES;
				CLANG_WARN_ENUM_CONVERSION = YES;
				CLANG_WARN_INFINITE_RECURSION = YES;
				CLANG_WARN_INT_CONVERSION = YES;
				CLANG_WARN_NON_LITERAL_NULL_CONVERSION = YES;
				CLANG_WARN_OBJC_IMPLICIT_RETAIN_SELF = YES;
				CLANG_WARN_OBJC_LITERAL_CONVERSION = YES;
				CLANG_WARN_OBJC_ROOT_CLASS = YES_ERROR;
				CLANG_WARN_QUOTED_INCLUDE_IN_FRAMEWORK_HEADER = YES;
				CLANG_WARN_RANGE_LOOP_ANALYSIS = YES;
				CLANG_WARN_STRICT_PROTOTYPES = YES;
				CLANG_WARN_SUSPICIOUS_MOVE = YES;
				CLANG_WARN_UNGUARDED_AVAILABILITY = YES_AGGRESSIVE;
				CLANG_WARN_UNREACHABLE_CODE = YES;
				CLANG_WARN__DUPLICATE_METHOD_MATCH = YES;
				COPY_PHASE_STRIP = NO;
				DEBUG_INFORMATION_FORMAT = "dwarf-with-dsym";
				ENABLE_NS_ASSERTIONS = NO;
				ENABLE_STRICT_OBJC_MSGSEND = YES;
				GCC_C_LANGUAGE_STANDARD = gnu11;
				GCC_NO_COMMON_BLOCKS = YES;
				GCC_WARN_64_TO_32_BIT_CONVERSION = YES;
				GCC_WARN_ABOUT_RETURN_TYPE = YES_ERROR;
				GCC_WARN_UNDECLARED_SELECTOR = YES;
				GCC_WARN_UNINITIALIZED_AUTOS = YES_AGGRESSIVE;
				GCC_WARN_UNUSED_FUNCTION = YES;
				GCC_WARN_UNUSED_VARIABLE = YES;
				IPHONEOS_DEPLOYMENT_TARGET = 15.0;
				MTL_ENABLE_DEBUG_INFO = NO;
				MTL_FAST_MATH = YES;
				SDKROOT = iphoneos;
				SWIFT_COMPILATION_MODE = wholemodule;
				SWIFT_OPTIMIZATION_LEVEL = "-O";
				VALIDATE_PRODUCT = YES;
			};
			name = Release;
		};
		7CEAC9B4275FA1B5005AF338 /* Debug */ = {
			isa = XCBuildConfiguration;
			baseConfigurationReference = 1DA2CAF51AC05722A09B38A9 /* Pods-RxMemo.debug.xcconfig */;
			buildSettings = {
				ASSETCATALOG_COMPILER_APPICON_NAME = AppIcon;
				ASSETCATALOG_COMPILER_GLOBAL_ACCENT_COLOR_NAME = AccentColor;
				CODE_SIGN_STYLE = Automatic;
				CURRENT_PROJECT_VERSION = 1;
				DEVELOPMENT_TEAM = SBX5GK4LT4;
				GENERATE_INFOPLIST_FILE = YES;
				INFOPLIST_FILE = RxMemo/Info.plist;
				INFOPLIST_KEY_UIApplicationSupportsIndirectInputEvents = YES;
				INFOPLIST_KEY_UILaunchStoryboardName = LaunchScreen;
				INFOPLIST_KEY_UIMainStoryboardFile = Main;
				INFOPLIST_KEY_UISupportedInterfaceOrientations_iPad = "UIInterfaceOrientationPortrait UIInterfaceOrientationPortraitUpsideDown UIInterfaceOrientationLandscapeLeft UIInterfaceOrientationLandscapeRight";
				INFOPLIST_KEY_UISupportedInterfaceOrientations_iPhone = "UIInterfaceOrientationPortrait UIInterfaceOrientationLandscapeLeft UIInterfaceOrientationLandscapeRight";
				LD_RUNPATH_SEARCH_PATHS = (
					"$(inherited)",
					"@executable_path/Frameworks",
				);
				MARKETING_VERSION = 1.0;
				PRODUCT_BUNDLE_IDENTIFIER = co.kevinkim.RxMemo;
				PRODUCT_NAME = "$(TARGET_NAME)";
				SWIFT_EMIT_LOC_STRINGS = YES;
				SWIFT_VERSION = 5.0;
				TARGETED_DEVICE_FAMILY = "1,2";
			};
			name = Debug;
		};
		7CEAC9B5275FA1B5005AF338 /* Release */ = {
			isa = XCBuildConfiguration;
			baseConfigurationReference = FC6A71FD2EA2580264076615 /* Pods-RxMemo.release.xcconfig */;
			buildSettings = {
				ASSETCATALOG_COMPILER_APPICON_NAME = AppIcon;
				ASSETCATALOG_COMPILER_GLOBAL_ACCENT_COLOR_NAME = AccentColor;
				CODE_SIGN_STYLE = Automatic;
				CURRENT_PROJECT_VERSION = 1;
				DEVELOPMENT_TEAM = SBX5GK4LT4;
				GENERATE_INFOPLIST_FILE = YES;
				INFOPLIST_FILE = RxMemo/Info.plist;
				INFOPLIST_KEY_UIApplicationSupportsIndirectInputEvents = YES;
				INFOPLIST_KEY_UILaunchStoryboardName = LaunchScreen;
				INFOPLIST_KEY_UIMainStoryboardFile = Main;
				INFOPLIST_KEY_UISupportedInterfaceOrientations_iPad = "UIInterfaceOrientationPortrait UIInterfaceOrientationPortraitUpsideDown UIInterfaceOrientationLandscapeLeft UIInterfaceOrientationLandscapeRight";
				INFOPLIST_KEY_UISupportedInterfaceOrientations_iPhone = "UIInterfaceOrientationPortrait UIInterfaceOrientationLandscapeLeft UIInterfaceOrientationLandscapeRight";
				LD_RUNPATH_SEARCH_PATHS = (
					"$(inherited)",
					"@executable_path/Frameworks",
				);
				MARKETING_VERSION = 1.0;
				PRODUCT_BUNDLE_IDENTIFIER = co.kevinkim.RxMemo;
				PRODUCT_NAME = "$(TARGET_NAME)";
				SWIFT_EMIT_LOC_STRINGS = YES;
				SWIFT_VERSION = 5.0;
				TARGETED_DEVICE_FAMILY = "1,2";
			};
			name = Release;
		};
/* End XCBuildConfiguration section */

/* Begin XCConfigurationList section */
		7CEAC997275FA1B4005AF338 /* Build configuration list for PBXProject "RxMemo" */ = {
			isa = XCConfigurationList;
			buildConfigurations = (
				7CEAC9B1275FA1B5005AF338 /* Debug */,
				7CEAC9B2275FA1B5005AF338 /* Release */,
			);
			defaultConfigurationIsVisible = 0;
			defaultConfigurationName = Release;
		};
		7CEAC9B3275FA1B5005AF338 /* Build configuration list for PBXNativeTarget "RxMemo" */ = {
			isa = XCConfigurationList;
			buildConfigurations = (
				7CEAC9B4275FA1B5005AF338 /* Debug */,
				7CEAC9B5275FA1B5005AF338 /* Release */,
			);
			defaultConfigurationIsVisible = 0;
			defaultConfigurationName = Release;
		};
/* End XCConfigurationList section */

/* Begin XCVersionGroup section */
		7CEAC9A8275FA1B4005AF338 /* RxMemo.xcdatamodeld */ = {
			isa = XCVersionGroup;
			children = (
				7CEAC9A9275FA1B4005AF338 /* RxMemo.xcdatamodel */,
			);
			currentVersion = 7CEAC9A9275FA1B4005AF338 /* RxMemo.xcdatamodel */;
			path = RxMemo.xcdatamodeld;
			sourceTree = "<group>";
			versionGroupType = wrapper.xcdatamodel;
		};
/* End XCVersionGroup section */
	};
	rootObject = 7CEAC994275FA1B4005AF338 /* Project object */;
}
